
Microsoft Visual Studio Solution File, Format Version 12.00
# Visual Studio Version 16
VisualStudioVersion = 16.0.31205.134
MinimumVisualStudioVersion = 10.0.40219.1
Project("{D2ABAB84-BF74-430A-B69E-9DC6D40DDA17}") = "SSAS_review", "SSAS_review.dwproj", "{B2894CFE-DEBA-45F1-8C2A-A1DBA1C2C970}"
EndProject
Global
	GlobalSection(SolutionConfigurationPlatforms) = preSolution
		Development|Default = Development|Default
	EndGlobalSection
	GlobalSection(ProjectConfigurationPlatforms) = postSolution
		{B2894CFE-DEBA-45F1-8C2A-A1DBA1C2C970}.Development|Default.ActiveCfg = Development
		{B2894CFE-DEBA-45F1-8C2A-A1DBA1C2C970}.Development|Default.Build.0 = Development
		{B2894CFE-DEBA-45F1-8C2A-A1DBA1C2C970}.Development|Default.Deploy.0 = Development
	EndGlobalSection
	GlobalSection(SolutionProperties) = preSolution
		HideSolutionNode = FALSE
	EndGlobalSection
	GlobalSection(ExtensibilityGlobals) = postSolution
		SolutionGuid = {C2CE277E-EFFB-4AE5-A157-10DF52B93263}
	EndGlobalSection
EndGlobal
